
Microsoft Visual Studio Solution File, Format Version 12.00
# Visual Studio 15
VisualStudioVersion = 15.0.28307.1000
MinimumVisualStudioVersion = 10.0.40219.1
Project("{E24C65DC-7377-472B-9ABA-BC803B73C61A}") = "TaskManagePro.Web", "TaskManagePro.Web\", "{BF9F1A3B-1F57-42B9-85B2-F0C1672BF173}"
	ProjectSection(WebsiteProperties) = preProject
		TargetFrameworkMoniker = ".NETFramework,Version%3Dv4.0"
		ProjectReferences = "{101bf8c1-3dde-4ff4-b7f7-b416118df6ab}|TaskManagePro.BLL.dll;{78C28139-45B5-4953-9F4B-0F482AEB0362}|TaskManagePro.DAL.dll;"
		Debug.AspNetCompiler.VirtualPath = "/localhost_52645"
		Debug.AspNetCompiler.PhysicalPath = "TaskManagePro.Web\"
		Debug.AspNetCompiler.TargetPath = "PrecompiledWeb\localhost_52645\"
		Debug.AspNetCompiler.Updateable = "true"
		Debug.AspNetCompiler.ForceOverwrite = "true"
		Debug.AspNetCompiler.FixedNames = "false"
		Debug.AspNetCompiler.Debug = "True"
		Release.AspNetCompiler.VirtualPath = "/localhost_52645"
		Release.AspNetCompiler.PhysicalPath = "TaskManagePro.Web\"
		Release.AspNetCompiler.TargetPath = "PrecompiledWeb\localhost_52645\"
		Release.AspNetCompiler.Updateable = "true"
		Release.AspNetCompiler.ForceOverwrite = "true"
		Release.AspNetCompiler.FixedNames = "false"
		Release.AspNetCompiler.Debug = "False"
		VWDPort = "52645"
		SlnRelativePath = "TaskManagePro.Web\"
		DefaultWebSiteLanguage = "Visual C#"
	EndProjectSection
EndProject
Project("{FAE04EC0-301F-11D3-BF4B-00C04F79EFBC}") = "TaskManagePro.BLL", "TaskManagePro.BLL\TaskManagePro.BLL.csproj", "{101BF8C1-3DDE-4FF4-B7F7-B416118DF6AB}"
EndProject
Project("{FAE04EC0-301F-11D3-BF4B-00C04F79EFBC}") = "TaskManagePro.DAL", "TaskManagePro.DAL\TaskManagePro.DAL.csproj", "{78C28139-45B5-4953-9F4B-0F482AEB0362}"
EndProject
Global
	GlobalSection(SolutionConfigurationPlatforms) = preSolution
		Debug|Any CPU = Debug|Any CPU
		Release|Any CPU = Release|Any CPU
	EndGlobalSection
	GlobalSection(ProjectConfigurationPlatforms) = postSolution
		{BF9F1A3B-1F57-42B9-85B2-F0C1672BF173}.Debug|Any CPU.ActiveCfg = Debug|Any CPU
		{BF9F1A3B-1F57-42B9-85B2-F0C1672BF173}.Debug|Any CPU.Build.0 = Debug|Any CPU
		{BF9F1A3B-1F57-42B9-85B2-F0C1672BF173}.Release|Any CPU.ActiveCfg = Debug|Any CPU
		{BF9F1A3B-1F57-42B9-85B2-F0C1672BF173}.Release|Any CPU.Build.0 = Debug|Any CPU
		{101BF8C1-3DDE-4FF4-B7F7-B416118DF6AB}.Debug|Any CPU.ActiveCfg = Debug|Any CPU
		{101BF8C1-3DDE-4FF4-B7F7-B416118DF6AB}.Debug|Any CPU.Build.0 = Debug|Any CPU
		{101BF8C1-3DDE-4FF4-B7F7-B416118DF6AB}.Release|Any CPU.ActiveCfg = Release|Any CPU
		{101BF8C1-3DDE-4FF4-B7F7-B416118DF6AB}.Release|Any CPU.Build.0 = Release|Any CPU
		{78C28139-45B5-4953-9F4B-0F482AEB0362}.Debug|Any CPU.ActiveCfg = Debug|Any CPU
		{78C28139-45B5-4953-9F4B-0F482AEB0362}.Debug|Any CPU.Build.0 = Debug|Any CPU
		{78C28139-45B5-4953-9F4B-0F482AEB0362}.Release|Any CPU.ActiveCfg = Release|Any CPU
		{78C28139-45B5-4953-9F4B-0F482AEB0362}.Release|Any CPU.Build.0 = Release|Any CPU
	EndGlobalSection
	GlobalSection(SolutionProperties) = preSolution
		HideSolutionNode = FALSE
	EndGlobalSection
	GlobalSection(ExtensibilityGlobals) = postSolution
		SolutionGuid = {2D8F6F95-3436-48F4-A1EB-2B6A6A3FE2DA}
	EndGlobalSection
EndGlobal
